schema: '2.0'
stages:
  data_ingestion:
    cmd: python src/data_ingestion.py
    deps:
    - path: src/data_ingestion.py
      hash: md5
      md5: b8b8b8404a21bfd310f76f7a6546c63d
      size: 1414
    outs:
    - path: data/raw
      hash: md5
      md5: afe8e1cd45ad89d6356a52bb32785c3b.dir
      size: 511598
      nfiles: 2
  data_preprocessing:
    cmd: python src/data_preprocessing.py
    deps:
    - path: data/raw
      hash: md5
      md5: afe8e1cd45ad89d6356a52bb32785c3b.dir
      size: 511598
      nfiles: 2
    - path: params.yaml
      hash: md5
      md5: af61096597247e1439472eeb5118516f
      size: 136
    - path: src/data_preprocessing.py
      hash: md5
      md5: 5570269a3343e8ecf6c5e52038ae383d
      size: 2017
    outs:
    - path: data/processed
      hash: md5
      md5: 23a0952f66328d5b929aa0de5ba91742.dir
      size: 331536
      nfiles: 2
  feature_engineering:
    cmd: python src/feature_engineering.py
    deps:
    - path: data/processed
      hash: md5
      md5: 23a0952f66328d5b929aa0de5ba91742.dir
      size: 331536
      nfiles: 2
    - path: params.yaml
      hash: md5
      md5: af61096597247e1439472eeb5118516f
      size: 136
    - path: src/feature_engineering.py
      hash: md5
      md5: 9fa473cfa384d15df1895531aad34c8a
      size: 2106
    outs:
    - path: data/vectorized
      hash: md5
      md5: badf2a78f3f497f39e3f33c2f48e436f.dir
      size: 1979295
      nfiles: 2
  model_building:
    cmd: python src/model_development.py
    deps:
    - path: data/vectorized
      hash: md5
      md5: badf2a78f3f497f39e3f33c2f48e436f.dir
      size: 1979295
      nfiles: 2
    - path: params.yaml
      hash: md5
      md5: af61096597247e1439472eeb5118516f
      size: 136
    - path: src/model_development.py
      hash: md5
      md5: 1f97fb043624666edd98363a3f2adced
      size: 1364
    outs:
    - path: models/model.pkl
      hash: md5
      md5: eaa6fe37f7965ec606b959770d4c4a20
      size: 3053712
  model_evaluation:
    cmd: python src/model_evaluation.py
    deps:
    - path: data/vectorized
      hash: md5
      md5: badf2a78f3f497f39e3f33c2f48e436f.dir
      size: 1979295
      nfiles: 2
    - path: models/model.pkl
      hash: md5
      md5: eaa6fe37f7965ec606b959770d4c4a20
      size: 3053712
    - path: params.yaml
      hash: md5
      md5: af61096597247e1439472eeb5118516f
      size: 136
    - path: src/model_evaluation.py
      hash: md5
      md5: 443f813ba398624b310ed5a9d3bd733e
      size: 2341
    outs:
    - path: reports/metrics.json
      hash: md5
      md5: 2bc06332aef0db8dc8abdf3cd6893f76
      size: 146
